
Microsoft Visual Studio Solution File, Format Version 12.00
# Visual Studio 14
VisualStudioVersion = 14.0.25420.1
MinimumVisualStudioVersion = 10.0.40219.1
Project("{FAE04EC0-301F-11D3-BF4B-00C04F79EFBC}") = "ConsoleUI", "ConsoleUI\ConsoleUI.csproj", "{F9800C43-CAA8-4295-B5AF-FAC2DC1CD5B7}"
EndProject
Project("{FAE04EC0-301F-11D3-BF4B-00C04F79EFBC}") = "Logger", "Logger\Logger.csproj", "{6853259E-9270-49BE-8FFF-CACFADC98BA0}"
EndProject
Project("{FAE04EC0-301F-11D3-BF4B-00C04F79EFBC}") = "Converter", "Converter\Converter.csproj", "{C7C00FB4-8002-4463-B344-7B6CA2091CF2}"
EndProject
Global
	GlobalSection(SolutionConfigurationPlatforms) = preSolution
		Debug|Any CPU = Debug|Any CPU
		Release|Any CPU = Release|Any CPU
	EndGlobalSection
	GlobalSection(ProjectConfigurationPlatforms) = postSolution
		{F9800C43-CAA8-4295-B5AF-FAC2DC1CD5B7}.Debug|Any CPU.ActiveCfg = Debug|Any CPU
		{F9800C43-CAA8-4295-B5AF-FAC2DC1CD5B7}.Debug|Any CPU.Build.0 = Debug|Any CPU
		{F9800C43-CAA8-4295-B5AF-FAC2DC1CD5B7}.Release|Any CPU.ActiveCfg = Release|Any CPU
		{F9800C43-CAA8-4295-B5AF-FAC2DC1CD5B7}.Release|Any CPU.Build.0 = Release|Any CPU
		{6853259E-9270-49BE-8FFF-CACFADC98BA0}.Debug|Any CPU.ActiveCfg = Debug|Any CPU
		{6853259E-9270-49BE-8FFF-CACFADC98BA0}.Debug|Any CPU.Build.0 = Debug|Any CPU
		{6853259E-9270-49BE-8FFF-CACFADC98BA0}.Release|Any CPU.ActiveCfg = Release|Any CPU
		{6853259E-9270-49BE-8FFF-CACFADC98BA0}.Release|Any CPU.Build.0 = Release|Any CPU
		{C7C00FB4-8002-4463-B344-7B6CA2091CF2}.Debug|Any CPU.ActiveCfg = Debug|Any CPU
		{C7C00FB4-8002-4463-B344-7B6CA2091CF2}.Debug|Any CPU.Build.0 = Debug|Any CPU
		{C7C00FB4-8002-4463-B344-7B6CA2091CF2}.Release|Any CPU.ActiveCfg = Release|Any CPU
		{C7C00FB4-8002-4463-B344-7B6CA2091CF2}.Release|Any CPU.Build.0 = Release|Any CPU
	EndGlobalSection
	GlobalSection(SolutionProperties) = preSolution
		HideSolutionNode = FALSE
	EndGlobalSection
EndGlobal
